
Microsoft Visual Studio Solution File, Format Version 12.00
# Visual Studio Version 17
VisualStudioVersion = 17.11.35222.181
MinimumVisualStudioVersion = 10.0.40219.1
Project("{FAE04EC0-301F-11D3-BF4B-00C04F79EFBC}") = "TPFinalFernandaBuffa", "TPFinalFernandaBuffa\TPFinalFernandaBuffa.csproj", "{14B6F175-A389-4ADD-8992-ED3D50B22079}"
EndProject
Global
	GlobalSection(SolutionConfigurationPlatforms) = preSolution
		Debug|Any CPU = Debug|Any CPU
		Release|Any CPU = Release|Any CPU
	EndGlobalSection
	GlobalSection(ProjectConfigurationPlatforms) = postSolution
		{14B6F175-A389-4ADD-8992-ED3D50B22079}.Debug|Any CPU.ActiveCfg = Debug|Any CPU
		{14B6F175-A389-4ADD-8992-ED3D50B22079}.Debug|Any CPU.Build.0 = Debug|Any CPU
		{14B6F175-A389-4ADD-8992-ED3D50B22079}.Release|Any CPU.ActiveCfg = Release|Any CPU
		{14B6F175-A389-4ADD-8992-ED3D50B22079}.Release|Any CPU.Build.0 = Release|Any CPU
	EndGlobalSection
	GlobalSection(SolutionProperties) = preSolution
		HideSolutionNode = FALSE
	EndGlobalSection
	GlobalSection(ExtensibilityGlobals) = postSolution
		SolutionGuid = {A206994A-2510-48B7-8EF4-A2113762AF99}
	EndGlobalSection
EndGlobal
